
Microsoft Visual Studio Solution File, Format Version 12.00
# Visual Studio Version 17
VisualStudioVersion = 17.14.37216.2 d17.14
MinimumVisualStudioVersion = 10.0.40219.1
Project("{FAE04EC0-301F-11D3-BF4B-00C04F79EFBC}") = "five_in_a_row", "five_in_a_row\five_in_a_row.csproj", "{2CF92E9E-9F7E-43D4-A630-B7CBF2A2B1CA}"
EndProject
Global
	GlobalSection(SolutionConfigurationPlatforms) = preSolution
		Debug|Any CPU = Debug|Any CPU
		Release|Any CPU = Release|Any CPU
	EndGlobalSection
	GlobalSection(ProjectConfigurationPlatforms) = postSolution
		{2CF92E9E-9F7E-43D4-A630-B7CBF2A2B1CA}.Debug|Any CPU.ActiveCfg = Debug|Any CPU
		{2CF92E9E-9F7E-43D4-A630-B7CBF2A2B1CA}.Debug|Any CPU.Build.0 = Debug|Any CPU
		{2CF92E9E-9F7E-43D4-A630-B7CBF2A2B1CA}.Release|Any CPU.ActiveCfg = Release|Any CPU
		{2CF92E9E-9F7E-43D4-A630-B7CBF2A2B1CA}.Release|Any CPU.Build.0 = Release|Any CPU
	EndGlobalSection
	GlobalSection(SolutionProperties) = preSolution
		HideSolutionNode = FALSE
	EndGlobalSection
	GlobalSection(ExtensibilityGlobals) = postSolution
		SolutionGuid = {C5F3B250-7418-47C3-97FC-F9BCE27CFE95}
	EndGlobalSection
EndGlobal
